
Microsoft Visual Studio Solution File, Format Version 12.00
# Visual Studio Version 17
VisualStudioVersion = 17.11.35303.130
MinimumVisualStudioVersion = 10.0.40219.1
Project("{FAE04EC0-301F-11D3-BF4B-00C04F79EFBC}") = "PL", "PL\PL.csproj", "{6A6EC4DB-95CA-4290-BE6D-BB42A244971A}"
EndProject
Global
	GlobalSection(SolutionConfigurationPlatforms) = preSolution
		Debug|Any CPU = Debug|Any CPU
		Release|Any CPU = Release|Any CPU
	EndGlobalSection
	GlobalSection(ProjectConfigurationPlatforms) = postSolution
		{6A6EC4DB-95CA-4290-BE6D-BB42A244971A}.Debug|Any CPU.ActiveCfg = Debug|Any CPU
		{6A6EC4DB-95CA-4290-BE6D-BB42A244971A}.Debug|Any CPU.Build.0 = Debug|Any CPU
		{6A6EC4DB-95CA-4290-BE6D-BB42A244971A}.Release|Any CPU.ActiveCfg = Release|Any CPU
		{6A6EC4DB-95CA-4290-BE6D-BB42A244971A}.Release|Any CPU.Build.0 = Release|Any CPU
	EndGlobalSection
	GlobalSection(SolutionProperties) = preSolution
		HideSolutionNode = FALSE
	EndGlobalSection
	GlobalSection(ExtensibilityGlobals) = postSolution
		SolutionGuid = {E1EB06EF-D726-4B31-8A7D-3FB673958139}
	EndGlobalSection
EndGlobal
